{
  "version": 4,
  "terraform_version": "0.14.8",
  "serial": 37,
  "lineage": "daf2d031-c94f-56ec-01c3-e78542427e0e",
  "outputs": {},
  "resources": [
    {
      "mode": "managed",
      "type": "pagerduty_team",
      "name": "engineering",
      "provider": "provider[\"registry.terraform.io/pagerduty/pagerduty\"]",
      "instances": [
        {
          "schema_version": 0,
          "attributes": {
            "description": "All engineering",
            "html_url": "https://pdt-pkennard.pagerduty.com/teams/P58E5QX",
            "id": "P58E5QX",
            "name": "Engineering"
          },
          "sensitive_attributes": [],
          "private": "bnVsbA=="
        }
      ]
    },
    {
      "mode": "managed",
      "type": "pagerduty_user",
      "name": "earline",
      "provider": "provider[\"registry.terraform.io/pagerduty/pagerduty\"]",
      "instances": [
        {
          "schema_version": 0,
          "attributes": {
            "avatar_url": "https://secure.gravatar.com/avatar/a8b714a39626f2444ee05990b078995f.png?d=mm\u0026r=PG",
            "color": "grey20",
            "description": "Managed by Terraform",
            "email": "125.greenholt.earline@graham.name",
            "html_url": "https://pdt-pkennard.pagerduty.com/users/PZ2LDSH",
            "id": "PZ2LDSH",
            "invitation_sent": true,
            "job_title": "",
            "name": "Earline Greenholt",
            "role": "user",
            "teams": [
              "P58E5QX"
            ],
            "time_zone": "America/Chicago"
          },
          "sensitive_attributes": [],
          "private": "bnVsbA==",
          "dependencies": [
            "pagerduty_team.engineering"
          ]
        }
      ]
    },
    {
      "module": "module.add_users",
      "mode": "managed",
      "type": "pagerduty_user",
      "name": "clevel",
      "provider": "provider[\"registry.terraform.io/pagerduty/pagerduty\"]",
      "instances": [
        {
          "schema_version": 0,
          "attributes": {
            "avatar_url": "https://secure.gravatar.com/avatar/01de283e1b4aba134ab32407b8652e61.png?d=mm\u0026r=PG",
            "color": "dark-slate-gray",
            "description": "Managed by Terraform",
            "email": "c_lvl@email.com",
            "html_url": "https://pdt-pkennard.pagerduty.com/users/PCC9E57",
            "id": "PCC9E57",
            "invitation_sent": true,
            "job_title": "",
            "name": "Saint Patrick",
            "role": "user",
            "teams": [],
            "time_zone": "America/Chicago"
          },
          "sensitive_attributes": [],
          "private": "bnVsbA=="
        }
      ]
    },
    {
      "module": "module.add_users",
      "mode": "managed",
      "type": "pagerduty_user",
      "name": "dr_lvl",
      "provider": "provider[\"registry.terraform.io/pagerduty/pagerduty\"]",
      "instances": [
        {
          "schema_version": 0,
          "attributes": {
            "avatar_url": "https://secure.gravatar.com/avatar/2344e4b77b545db04e215f6e3786a2e6.png?d=mm\u0026r=PG",
            "color": "dark-cyan",
            "description": "Managed by Terraform",
            "email": "dr_lvl@email.com",
            "html_url": "https://pdt-pkennard.pagerduty.com/users/PJKIFWK",
            "id": "PJKIFWK",
            "invitation_sent": true,
            "job_title": "",
            "name": "Dr Pepper",
            "role": "user",
            "teams": [],
            "time_zone": "America/Chicago"
          },
          "sensitive_attributes": [],
          "private": "bnVsbA=="
        }
      ]
    },
    {
      "module": "module.add_users",
      "mode": "managed",
      "type": "pagerduty_user",
      "name": "mgr_lvl",
      "provider": "provider[\"registry.terraform.io/pagerduty/pagerduty\"]",
      "instances": [
        {
          "schema_version": 0,
          "attributes": {
            "avatar_url": "https://secure.gravatar.com/avatar/25ed9620f067b666f39482a4910025c0.png?d=mm\u0026r=PG",
            "color": "dark-green",
            "description": "Managed by Terraform",
            "email": "mgr_lvl@email.com",
            "html_url": "https://pdt-pkennard.pagerduty.com/users/P4AKFM3",
            "id": "P4AKFM3",
            "invitation_sent": true,
            "job_title": "",
            "name": "Gal Ager",
            "role": "user",
            "teams": [],
            "time_zone": "America/Chicago"
          },
          "sensitive_attributes": [],
          "private": "bnVsbA=="
        }
      ]
    },
    {
      "module": "module.add_users",
      "mode": "managed",
      "type": "pagerduty_user",
      "name": "resp_lvl_1",
      "provider": "provider[\"registry.terraform.io/pagerduty/pagerduty\"]",
      "instances": [
        {
          "schema_version": 0,
          "attributes": {
            "avatar_url": "https://secure.gravatar.com/avatar/4cdf547e94f075a112cda1aa19a74f97.png?d=mm\u0026r=PG",
            "color": "darkolive-green",
            "description": "Managed by Terraform",
            "email": "resp_lvl_1@email.com",
            "html_url": "https://pdt-pkennard.pagerduty.com/users/PGOXEHX",
            "id": "PGOXEHX",
            "invitation_sent": true,
            "job_title": "",
            "name": "Jane Doe",
            "role": "user",
            "teams": [],
            "time_zone": "America/Chicago"
          },
          "sensitive_attributes": [],
          "private": "bnVsbA=="
        }
      ]
    },
    {
      "module": "module.add_users",
      "mode": "managed",
      "type": "pagerduty_user",
      "name": "resp_lvl_2",
      "provider": "provider[\"registry.terraform.io/pagerduty/pagerduty\"]",
      "instances": [
        {
          "schema_version": 0,
          "attributes": {
            "avatar_url": "https://secure.gravatar.com/avatar/75a131d15b4bd4a5ce6c8378dc067050.png?d=mm\u0026r=PG",
            "color": "dark-orange",
            "description": "Managed by Terraform",
            "email": "resp_lvl_2@email.com",
            "html_url": "https://pdt-pkennard.pagerduty.com/users/P11ZF9D",
            "id": "P11ZF9D",
            "invitation_sent": true,
            "job_title": "",
            "name": "John Doe",
            "role": "user",
            "teams": [],
            "time_zone": "America/Chicago"
          },
          "sensitive_attributes": [],
          "private": "bnVsbA=="
        }
      ]
    }
  ]
}
